// !$*UTF8*$!
{
	archiveVersion = 1;
	classes = {
	};
	objectVersion = 46;
	objects = {

/* Begin PBXBuildFile section */
		302A1D2C18A44FE200BAA505 /* 1.jpg in Resources */ = {isa = PBXBuildFile; fileRef = 302A1D1218A44FE200BAA505 /* 1.jpg */; };
		302A1D2D18A44FE200BAA505 /* 10.jpg in Resources */ = {isa = PBXBuildFile; fileRef = 302A1D1318A44FE200BAA505 /* 10.jpg */; };
		302A1D2E18A44FE200BAA505 /* 11.jpg in Resources */ = {isa = PBXBuildFile; fileRef = 302A1D1418A44FE200BAA505 /* 11.jpg */; };
		302A1D2F18A44FE200BAA505 /* 18.png in Resources */ = {isa = PBXBuildFile; fileRef = 302A1D1518A44FE200BAA505 /* 18.png */; };
		302A1D3018A44FE200BAA505 /* 2.jpg in Resources */ = {isa = PBXBuildFile; fileRef = 302A1D1618A44FE200BAA505 /* 2.jpg */; };
		302A1D3118A44FE200BAA505 /* 3.jpg in Resources */ = {isa = PBXBuildFile; fileRef = 302A1D1718A44FE200BAA505 /* 3.jpg */; };
		302A1D3218A44FE200BAA505 /* 35.png in Resources */ = {isa = PBXBuildFile; fileRef = 302A1D1818A44FE200BAA505 /* 35.png */; };
		302A1D3318A44FE200BAA505 /* 4.jpg in Resources */ = {isa = PBXBuildFile; fileRef = 302A1D1918A44FE200BAA505 /* 4.jpg */; };
		302A1D3418A44FE200BAA505 /* 5.jpg in Resources */ = {isa = PBXBuildFile; fileRef = 302A1D1A18A44FE200BAA505 /* 5.jpg */; };
		302A1D3518A44FE200BAA505 /* 6.jpg in Resources */ = {isa = PBXBuildFile; fileRef = 302A1D1B18A44FE200BAA505 /* 6.jpg */; };
		302A1D3618A44FE200BAA505 /* 7.jpg in Resources */ = {isa = PBXBuildFile; fileRef = 302A1D1C18A44FE200BAA505 /* 7.jpg */; };
		302A1D3718A44FE200BAA505 /* 8.jpg in Resources */ = {isa = PBXBuildFile; fileRef = 302A1D1D18A44FE200BAA505 /* 8.jpg */; };
		302A1D3818A44FE200BAA505 /* 80.png in Resources */ = {isa = PBXBuildFile; fileRef = 302A1D1E18A44FE200BAA505 /* 80.png */; };
		302A1D3918A44FE200BAA505 /* 9.jpg in Resources */ = {isa = PBXBuildFile; fileRef = 302A1D1F18A44FE200BAA505 /* 9.jpg */; };
		302A1D3A18A44FE200BAA505 /* here2.png in Resources */ = {isa = PBXBuildFile; fileRef = 302A1D2018A44FE200BAA505 /* here2.png */; };
		302A1D3B18A44FE200BAA505 /* Icon-40.png in Resources */ = {isa = PBXBuildFile; fileRef = 302A1D2118A44FE200BAA505 /* Icon-40.png */; };
		302A1D3C18A44FE200BAA505 /* Icon-40@2x.png in Resources */ = {isa = PBXBuildFile; fileRef = 302A1D2218A44FE200BAA505 /* Icon-40@2x.png */; };
		302A1D3D18A44FE200BAA505 /* Icon-57.png in Resources */ = {isa = PBXBuildFile; fileRef = 302A1D2318A44FE200BAA505 /* Icon-57.png */; };
		302A1D3E18A44FE200BAA505 /* Icon-57@2x.png in Resources */ = {isa = PBXBuildFile; fileRef = 302A1D2418A44FE200BAA505 /* Icon-57@2x.png */; };
		302A1D3F18A44FE200BAA505 /* Icon-60.png in Resources */ = {isa = PBXBuildFile; fileRef = 302A1D2518A44FE200BAA505 /* Icon-60.png */; };
		302A1D4018A44FE200BAA505 /* Icon-60@2x.png in Resources */ = {isa = PBXBuildFile; fileRef = 302A1D2618A44FE200BAA505 /* Icon-60@2x.png */; };
		302A1D4118A44FE200BAA505 /* Icon-Small.png in Resources */ = {isa = PBXBuildFile; fileRef = 302A1D2718A44FE200BAA505 /* Icon-Small.png */; };
		302A1D4218A44FE200BAA505 /* Icon-Small@2x.png in Resources */ = {isa = PBXBuildFile; fileRef = 302A1D2818A44FE200BAA505 /* Icon-Small@2x.png */; };
		302A1D4318A44FE200BAA505 /* launchimg1.png in Resources */ = {isa = PBXBuildFile; fileRef = 302A1D2918A44FE200BAA505 /* launchimg1.png */; };
		302A1D4418A44FE200BAA505 /* launchimg2.png in Resources */ = {isa = PBXBuildFile; fileRef = 302A1D2A18A44FE200BAA505 /* launchimg2.png */; };
		302A1D4518A44FE200BAA505 /* sweden1.jpg in Resources */ = {isa = PBXBuildFile; fileRef = 302A1D2B18A44FE200BAA505 /* sweden1.jpg */; };
		3049D7B018A0AFF000012D9A /* Annotation.m in Sources */ = {isa = PBXBuildFile; fileRef = 3049D7AF18A0AFF000012D9A /* Annotation.m */; };
		3049D7B318A0B04100012D9A /* CustomAnnotationView.m in Sources */ = {isa = PBXBuildFile; fileRef = 3049D7B218A0B04100012D9A /* CustomAnnotationView.m */; };
		3049D7C018A1D4EA00012D9A /* CollectionViewCell.m in Sources */ = {isa = PBXBuildFile; fileRef = 3049D7BF18A1D4EA00012D9A /* CollectionViewCell.m */; };
		3049D7C218A213B800012D9A /* Social.framework in Frameworks */ = {isa = PBXBuildFile; fileRef = 3049D7C118A213B800012D9A /* Social.framework */; };
		30DA443B189FC2B400B48FEC /* Foundation.framework in Frameworks */ = {isa = PBXBuildFile; fileRef = 30DA443A189FC2B400B48FEC /* Foundation.framework */; };
		30DA443D189FC2B400B48FEC /* CoreGraphics.framework in Frameworks */ = {isa = PBXBuildFile; fileRef = 30DA443C189FC2B400B48FEC /* CoreGraphics.framework */; };
		30DA443F189FC2B400B48FEC /* UIKit.framework in Frameworks */ = {isa = PBXBuildFile; fileRef = 30DA443E189FC2B400B48FEC /* UIKit.framework */; };
		30DA4445189FC2B400B48FEC /* InfoPlist.strings in Resources */ = {isa = PBXBuildFile; fileRef = 30DA4443189FC2B400B48FEC /* InfoPlist.strings */; };
		30DA4447189FC2B400B48FEC /* main.m in Sources */ = {isa = PBXBuildFile; fileRef = 30DA4446189FC2B400B48FEC /* main.m */; };
		30DA444B189FC2B400B48FEC /* AppDelegate.m in Sources */ = {isa = PBXBuildFile; fileRef = 30DA444A189FC2B400B48FEC /* AppDelegate.m */; };
		30DA444E189FC2B400B48FEC /* Main.storyboard in Resources */ = {isa = PBXBuildFile; fileRef = 30DA444C189FC2B400B48FEC /* Main.storyboard */; };
		30DA4451189FC2B400B48FEC /* FirstViewController.m in Sources */ = {isa = PBXBuildFile; fileRef = 30DA4450189FC2B400B48FEC /* FirstViewController.m */; };
		30DA4454189FC2B400B48FEC /* SecondViewController.m in Sources */ = {isa = PBXBuildFile; fileRef = 30DA4453189FC2B400B48FEC /* SecondViewController.m */; };
		30DA4456189FC2B400B48FEC /* Images.xcassets in Resources */ = {isa = PBXBuildFile; fileRef = 30DA4455189FC2B400B48FEC /* Images.xcassets */; };
		30DA445D189FC2B400B48FEC /* XCTest.framework in Frameworks */ = {isa = PBXBuildFile; fileRef = 30DA445C189FC2B400B48FEC /* XCTest.framework */; };
		30DA445E189FC2B400B48FEC /* Foundation.framework in Frameworks */ = {isa = PBXBuildFile; fileRef = 30DA443A189FC2B400B48FEC /* Foundation.framework */; };
		30DA445F189FC2B400B48FEC /* UIKit.framework in Frameworks */ = {isa = PBXBuildFile; fileRef = 30DA443E189FC2B400B48FEC /* UIKit.framework */; };
		30DA4467189FC2B400B48FEC /* InfoPlist.strings in Resources */ = {isa = PBXBuildFile; fileRef = 30DA4465189FC2B400B48FEC /* InfoPlist.strings */; };
		30DA4469189FC2B400B48FEC /* sweden_dashTests.m in Sources */ = {isa = PBXBuildFile; fileRef = 30DA4468189FC2B400B48FEC /* sweden_dashTests.m */; };
		30DA4474189FC2D300B48FEC /* thirdViewController.m in Sources */ = {isa = PBXBuildFile; fileRef = 30DA4473189FC2D300B48FEC /* thirdViewController.m */; };
		30DA4477189FC2ED00B48FEC /* contentsView.m in Sources */ = {isa = PBXBuildFile; fileRef = 30DA4476189FC2ED00B48FEC /* contentsView.m */; };
		30DA4494189FDB3000B48FEC /* CoreLocation.framework in Frameworks */ = {isa = PBXBuildFile; fileRef = 30DA4493189FDB3000B48FEC /* CoreLocation.framework */; };
/* End PBXBuildFile section */

/* Begin PBXContainerItemProxy section */
		30DA4460189FC2B400B48FEC /* PBXContainerItemProxy */ = {
			isa = PBXContainerItemProxy;
			containerPortal = 30DA442F189FC2B400B48FEC /* Project object */;
			proxyType = 1;
			remoteGlobalIDString = 30DA4436189FC2B400B48FEC;
			remoteInfo = sweden_dash;
		};
/* End PBXContainerItemProxy section */

/* Begin PBXFileReference section */
		302A1D1218A44FE200BAA505 /* 1.jpg */ = {isa = PBXFileReference; lastKnownFileType = image.jpeg; path = 1.jpg; sourceTree = "<group>"; };
		302A1D1318A44FE200BAA505 /* 10.jpg */ = {isa = PBXFileReference; lastKnownFileType = image.jpeg; path = 10.jpg; sourceTree = "<group>"; };
		302A1D1418A44FE200BAA505 /* 11.jpg */ = {isa = PBXFileReference; lastKnownFileType = image.jpeg; path = 11.jpg; sourceTree = "<group>"; };
		302A1D1518A44FE200BAA505 /* 18.png */ = {isa = PBXFileReference; lastKnownFileType = image.png; path = 18.png; sourceTree = "<group>"; };
		302A1D1618A44FE200BAA505 /* 2.jpg */ = {isa = PBXFileReference; lastKnownFileType = image.jpeg; path = 2.jpg; sourceTree = "<group>"; };
		302A1D1718A44FE200BAA505 /* 3.jpg */ = {isa = PBXFileReference; lastKnownFileType = image.jpeg; path = 3.jpg; sourceTree = "<group>"; };
		302A1D1818A44FE200BAA505 /* 35.png */ = {isa = PBXFileReference; lastKnownFileType = image.png; path = 35.png; sourceTree = "<group>"; };
		302A1D1918A44FE200BAA505 /* 4.jpg */ = {isa = PBXFileReference; lastKnownFileType = image.jpeg; path = 4.jpg; sourceTree = "<group>"; };
		302A1D1A18A44FE200BAA505 /* 5.jpg */ = {isa = PBXFileReference; lastKnownFileType = image.jpeg; path = 5.jpg; sourceTree = "<group>"; };
		302A1D1B18A44FE200BAA505 /* 6.jpg */ = {isa = PBXFileReference; lastKnownFileType = image.jpeg; path = 6.jpg; sourceTree = "<group>"; };
		302A1D1C18A44FE200BAA505 /* 7.jpg */ = {isa = PBXFileReference; lastKnownFileType = image.jpeg; path = 7.jpg; sourceTree = "<group>"; };
		302A1D1D18A44FE200BAA505 /* 8.jpg */ = {isa = PBXFileReference; lastKnownFileType = image.jpeg; path = 8.jpg; sourceTree = "<group>"; };
		302A1D1E18A44FE200BAA505 /* 80.png */ = {isa = PBXFileReference; lastKnownFileType = image.png; path = 80.png; sourceTree = "<group>"; };
		302A1D1F18A44FE200BAA505 /* 9.jpg */ = {isa = PBXFileReference; lastKnownFileType = image.jpeg; path = 9.jpg; sourceTree = "<group>"; };
		302A1D2018A44FE200BAA505 /* here2.png */ = {isa = PBXFileReference; lastKnownFileType = image.png; path = here2.png; sourceTree = "<group>"; };
		302A1D2118A44FE200BAA505 /* Icon-40.png */ = {isa = PBXFileReference; lastKnownFileType = image.png; path = "Icon-40.png"; sourceTree = "<group>"; };
		302A1D2218A44FE200BAA505 /* Icon-40@2x.png */ = {isa = PBXFileReference; lastKnownFileType = image.png; path = "Icon-40@2x.png"; sourceTree = "<group>"; };
		302A1D2318A44FE200BAA505 /* Icon-57.png */ = {isa = PBXFileReference; lastKnownFileType = image.png; path = "Icon-57.png"; sourceTree = "<group>"; };
		302A1D2418A44FE200BAA505 /* Icon-57@2x.png */ = {isa = PBXFileReference; lastKnownFileType = image.png; path = "Icon-57@2x.png"; sourceTree = "<group>"; };
		302A1D2518A44FE200BAA505 /* Icon-60.png */ = {isa = PBXFileReference; lastKnownFileType = image.png; path = "Icon-60.png"; sourceTree = "<group>"; };
		302A1D2618A44FE200BAA505 /* Icon-60@2x.png */ = {isa = PBXFileReference; lastKnownFileType = image.png; path = "Icon-60@2x.png"; sourceTree = "<group>"; };
		302A1D2718A44FE200BAA505 /* Icon-Small.png */ = {isa = PBXFileReference; lastKnownFileType = image.png; path = "Icon-Small.png"; sourceTree = "<group>"; };
		302A1D2818A44FE200BAA505 /* Icon-Small@2x.png */ = {isa = PBXFileReference; lastKnownFileType = image.png; path = "Icon-Small@2x.png"; sourceTree = "<group>"; };
		302A1D2918A44FE200BAA505 /* launchimg1.png */ = {isa = PBXFileReference; lastKnownFileType = image.png; path = launchimg1.png; sourceTree = "<group>"; };
		302A1D2A18A44FE200BAA505 /* launchimg2.png */ = {isa = PBXFileReference; lastKnownFileType = image.png; path = launchimg2.png; sourceTree = "<group>"; };
		302A1D2B18A44FE200BAA505 /* sweden1.jpg */ = {isa = PBXFileReference; lastKnownFileType = image.jpeg; path = sweden1.jpg; sourceTree = "<group>"; };
		3049D7AE18A0AFF000012D9A /* Annotation.h */ = {isa = PBXFileReference; fileEncoding = 4; lastKnownFileType = sourcecode.c.h; path = Annotation.h; sourceTree = "<group>"; };
		3049D7AF18A0AFF000012D9A /* Annotation.m */ = {isa = PBXFileReference; fileEncoding = 4; lastKnownFileType = sourcecode.c.objc; path = Annotation.m; sourceTree = "<group>"; };
		3049D7B118A0B04100012D9A /* CustomAnnotationView.h */ = {isa = PBXFileReference; fileEncoding = 4; lastKnownFileType = sourcecode.c.h; path = CustomAnnotationView.h; sourceTree = "<group>"; };
		3049D7B218A0B04100012D9A /* CustomAnnotationView.m */ = {isa = PBXFileReference; fileEncoding = 4; lastKnownFileType = sourcecode.c.objc; path = CustomAnnotationView.m; sourceTree = "<group>"; };
		3049D7BE18A1D4EA00012D9A /* CollectionViewCell.h */ = {isa = PBXFileReference; fileEncoding = 4; lastKnownFileType = sourcecode.c.h; path = CollectionViewCell.h; sourceTree = "<group>"; };
		3049D7BF18A1D4EA00012D9A /* CollectionViewCell.m */ = {isa = PBXFileReference; fileEncoding = 4; lastKnownFileType = sourcecode.c.objc; path = CollectionViewCell.m; sourceTree = "<group>"; };
		3049D7C118A213B800012D9A /* Social.framework */ = {isa = PBXFileReference; lastKnownFileType = wrapper.framework; name = Social.framework; path = System/Library/Frameworks/Social.framework; sourceTree = SDKROOT; };
		30DA4437189FC2B400B48FEC /* omaturi navi.app */ = {isa = PBXFileReference; explicitFileType = wrapper.application; includeInIndex = 0; path = "omaturi navi.app"; sourceTree = BUILT_PRODUCTS_DIR; };
		30DA443A189FC2B400B48FEC /* Foundation.framework */ = {isa = PBXFileReference; lastKnownFileType = wrapper.framework; name = Foundation.framework; path = System/Library/Frameworks/Foundation.framework; sourceTree = SDKROOT; };
		30DA443C189FC2B400B48FEC /* CoreGraphics.framework */ = {isa = PBXFileReference; lastKnownFileType = wrapper.framework; name = CoreGraphics.framework; path = System/Library/Frameworks/CoreGraphics.framework; sourceTree = SDKROOT; };
		30DA443E189FC2B400B48FEC /* UIKit.framework */ = {isa = PBXFileReference; lastKnownFileType = wrapper.framework; name = UIKit.framework; path = System/Library/Frameworks/UIKit.framework; sourceTree = SDKROOT; };
		30DA4442189FC2B400B48FEC /* omaturi navi-Info.plist */ = {isa = PBXFileReference; lastKnownFileType = text.plist.xml; path = "omaturi navi-Info.plist"; sourceTree = "<group>"; };
		30DA4444189FC2B400B48FEC /* en */ = {isa = PBXFileReference; lastKnownFileType = text.plist.strings; name = en; path = en.lproj/InfoPlist.strings; sourceTree = "<group>"; };
		30DA4446189FC2B400B48FEC /* main.m */ = {isa = PBXFileReference; lastKnownFileType = sourcecode.c.objc; path = main.m; sourceTree = "<group>"; };
		30DA4448189FC2B400B48FEC /* omaturi navi-Prefix.pch */ = {isa = PBXFileReference; lastKnownFileType = sourcecode.c.h; path = "omaturi navi-Prefix.pch"; sourceTree = "<group>"; };
		30DA4449189FC2B400B48FEC /* AppDelegate.h */ = {isa = PBXFileReference; lastKnownFileType = sourcecode.c.h; path = AppDelegate.h; sourceTree = "<group>"; };
		30DA444A189FC2B400B48FEC /* AppDelegate.m */ = {isa = PBXFileReference; lastKnownFileType = sourcecode.c.objc; path = AppDelegate.m; sourceTree = "<group>"; };
		30DA444D189FC2B400B48FEC /* Base */ = {isa = PBXFileReference; lastKnownFileType = file.storyboard; name = Base; path = Base.lproj/Main.storyboard; sourceTree = "<group>"; };
		30DA444F189FC2B400B48FEC /* FirstViewController.h */ = {isa = PBXFileReference; lastKnownFileType = sourcecode.c.h; path = FirstViewController.h; sourceTree = "<group>"; };
		30DA4450189FC2B400B48FEC /* FirstViewController.m */ = {isa = PBXFileReference; lastKnownFileType = sourcecode.c.objc; path = FirstViewController.m; sourceTree = "<group>"; };
		30DA4452189FC2B400B48FEC /* SecondViewController.h */ = {isa = PBXFileReference; lastKnownFileType = sourcecode.c.h; path = SecondViewController.h; sourceTree = "<group>"; };
		30DA4453189FC2B400B48FEC /* SecondViewController.m */ = {isa = PBXFileReference; lastKnownFileType = sourcecode.c.objc; path = SecondViewController.m; sourceTree = "<group>"; };
		30DA4455189FC2B400B48FEC /* Images.xcassets */ = {isa = PBXFileReference; lastKnownFileType = folder.assetcatalog; path = Images.xcassets; sourceTree = "<group>"; };
		30DA445B189FC2B400B48FEC /* omaturi naviTests.xctest */ = {isa = PBXFileReference; explicitFileType = wrapper.cfbundle; includeInIndex = 0; path = "omaturi naviTests.xctest"; sourceTree = BUILT_PRODUCTS_DIR; };
		30DA445C189FC2B400B48FEC /* XCTest.framework */ = {isa = PBXFileReference; lastKnownFileType = wrapper.framework; name = XCTest.framework; path = Library/Frameworks/XCTest.framework; sourceTree = DEVELOPER_DIR; };
		30DA4464189FC2B400B48FEC /* omaturi naviTests-Info.plist */ = {isa = PBXFileReference; lastKnownFileType = text.plist.xml; path = "omaturi naviTests-Info.plist"; sourceTree = "<group>"; };
		30DA4466189FC2B400B48FEC /* en */ = {isa = PBXFileReference; lastKnownFileType = text.plist.strings; name = en; path = en.lproj/InfoPlist.strings; sourceTree = "<group>"; };
		30DA4468189FC2B400B48FEC /* sweden_dashTests.m */ = {isa = PBXFileReference; lastKnownFileType = sourcecode.c.objc; path = sweden_dashTests.m; sourceTree = "<group>"; };
		30DA4472189FC2D300B48FEC /* thirdViewController.h */ = {isa = PBXFileReference; fileEncoding = 4; lastKnownFileType = sourcecode.c.h; path = thirdViewController.h; sourceTree = "<group>"; };
		30DA4473189FC2D300B48FEC /* thirdViewController.m */ = {isa = PBXFileReference; fileEncoding = 4; lastKnownFileType = sourcecode.c.objc; path = thirdViewController.m; sourceTree = "<group>"; };
		30DA4475189FC2ED00B48FEC /* contentsView.h */ = {isa = PBXFileReference; fileEncoding = 4; lastKnownFileType = sourcecode.c.h; path = contentsView.h; sourceTree = "<group>"; };
		30DA4476189FC2ED00B48FEC /* contentsView.m */ = {isa = PBXFileReference; fileEncoding = 4; lastKnownFileType = sourcecode.c.objc; path = contentsView.m; sourceTree = "<group>"; };
		30DA4493189FDB3000B48FEC /* CoreLocation.framework */ = {isa = PBXFileReference; lastKnownFileType = wrapper.framework; name = CoreLocation.framework; path = System/Library/Frameworks/CoreLocation.framework; sourceTree = SDKROOT; };
/* End PBXFileReference section */

/* Begin PBXFrameworksBuildPhase section */
		30DA4434189FC2B400B48FEC /* Frameworks */ = {
			isa = PBXFrameworksBuildPhase;
			buildActionMask = 2147483647;
			files = (
				3049D7C218A213B800012D9A /* Social.framework in Frameworks */,
				30DA4494189FDB3000B48FEC /* CoreLocation.framework in Frameworks */,
				30DA443D189FC2B400B48FEC /* CoreGraphics.framework in Frameworks */,
				30DA443F189FC2B400B48FEC /* UIKit.framework in Frameworks */,
				30DA443B189FC2B400B48FEC /* Foundation.framework in Frameworks */,
			);
			runOnlyForDeploymentPostprocessing = 0;
		};
		30DA4458189FC2B400B48FEC /* Frameworks */ = {
			isa = PBXFrameworksBuildPhase;
			buildActionMask = 2147483647;
			files = (
				30DA445D189FC2B400B48FEC /* XCTest.framework in Frameworks */,
				30DA445F189FC2B400B48FEC /* UIKit.framework in Frameworks */,
				30DA445E189FC2B400B48FEC /* Foundation.framework in Frameworks */,
			);
			runOnlyForDeploymentPostprocessing = 0;
		};
/* End PBXFrameworksBuildPhase section */

/* Begin PBXGroup section */
		302A1D1118A44FE200BAA505 /* sweden_ */ = {
			isa = PBXGroup;
			children = (
				302A1D1218A44FE200BAA505 /* 1.jpg */,
				302A1D1318A44FE200BAA505 /* 10.jpg */,
				302A1D1418A44FE200BAA505 /* 11.jpg */,
				302A1D1518A44FE200BAA505 /* 18.png */,
				302A1D1618A44FE200BAA505 /* 2.jpg */,
				302A1D1718A44FE200BAA505 /* 3.jpg */,
				302A1D1818A44FE200BAA505 /* 35.png */,
				302A1D1918A44FE200BAA505 /* 4.jpg */,
				302A1D1A18A44FE200BAA505 /* 5.jpg */,
				302A1D1B18A44FE200BAA505 /* 6.jpg */,
				302A1D1C18A44FE200BAA505 /* 7.jpg */,
				302A1D1D18A44FE200BAA505 /* 8.jpg */,
				302A1D1E18A44FE200BAA505 /* 80.png */,
				302A1D1F18A44FE200BAA505 /* 9.jpg */,
				302A1D2018A44FE200BAA505 /* here2.png */,
				302A1D2118A44FE200BAA505 /* Icon-40.png */,
				302A1D2218A44FE200BAA505 /* Icon-40@2x.png */,
				302A1D2318A44FE200BAA505 /* Icon-57.png */,
				302A1D2418A44FE200BAA505 /* Icon-57@2x.png */,
				302A1D2518A44FE200BAA505 /* Icon-60.png */,
				302A1D2618A44FE200BAA505 /* Icon-60@2x.png */,
				302A1D2718A44FE200BAA505 /* Icon-Small.png */,
				302A1D2818A44FE200BAA505 /* Icon-Small@2x.png */,
				302A1D2918A44FE200BAA505 /* launchimg1.png */,
				302A1D2A18A44FE200BAA505 /* launchimg2.png */,
				302A1D2B18A44FE200BAA505 /* sweden1.jpg */,
			);
			path = sweden_;
			sourceTree = "<group>";
		};
		30DA442E189FC2B400B48FEC = {
			isa = PBXGroup;
			children = (
				30DA4440189FC2B400B48FEC /* sweden_dash */,
				30DA4462189FC2B400B48FEC /* sweden_dashTests */,
				30DA4439189FC2B400B48FEC /* Frameworks */,
				30DA4438189FC2B400B48FEC /* Products */,
			);
			sourceTree = "<group>";
		};
		30DA4438189FC2B400B48FEC /* Products */ = {
			isa = PBXGroup;
			children = (
				30DA4437189FC2B400B48FEC /* omaturi navi.app */,
				30DA445B189FC2B400B48FEC /* omaturi naviTests.xctest */,
			);
			name = Products;
			sourceTree = "<group>";
		};
		30DA4439189FC2B400B48FEC /* Frameworks */ = {
			isa = PBXGroup;
			children = (
				3049D7C118A213B800012D9A /* Social.framework */,
				30DA4493189FDB3000B48FEC /* CoreLocation.framework */,
				30DA443A189FC2B400B48FEC /* Foundation.framework */,
				30DA443C189FC2B400B48FEC /* CoreGraphics.framework */,
				30DA443E189FC2B400B48FEC /* UIKit.framework */,
				30DA445C189FC2B400B48FEC /* XCTest.framework */,
			);
			name = Frameworks;
			sourceTree = "<group>";
		};
		30DA4440189FC2B400B48FEC /* sweden_dash */ = {
			isa = PBXGroup;
			children = (
				30DA4449189FC2B400B48FEC /* AppDelegate.h */,
				30DA444A189FC2B400B48FEC /* AppDelegate.m */,
				30DA444C189FC2B400B48FEC /* Main.storyboard */,
				30DA444F189FC2B400B48FEC /* FirstViewController.h */,
				30DA4450189FC2B400B48FEC /* FirstViewController.m */,
				30DA4475189FC2ED00B48FEC /* contentsView.h */,
				30DA4476189FC2ED00B48FEC /* contentsView.m */,
				30DA4452189FC2B400B48FEC /* SecondViewController.h */,
				30DA4453189FC2B400B48FEC /* SecondViewController.m */,
				3049D7BE18A1D4EA00012D9A /* CollectionViewCell.h */,
				3049D7BF18A1D4EA00012D9A /* CollectionViewCell.m */,
				30DA4472189FC2D300B48FEC /* thirdViewController.h */,
				30DA4473189FC2D300B48FEC /* thirdViewController.m */,
				3049D7AE18A0AFF000012D9A /* Annotation.h */,
				3049D7AF18A0AFF000012D9A /* Annotation.m */,
				3049D7B118A0B04100012D9A /* CustomAnnotationView.h */,
				3049D7B218A0B04100012D9A /* CustomAnnotationView.m */,
				30DA4455189FC2B400B48FEC /* Images.xcassets */,
				302A1D1118A44FE200BAA505 /* sweden_ */,
				30DA4441189FC2B400B48FEC /* Supporting Files */,
			);
			path = sweden_dash;
			sourceTree = "<group>";
		};
		30DA4441189FC2B400B48FEC /* Supporting Files */ = {
			isa = PBXGroup;
			children = (
				30DA4442189FC2B400B48FEC /* omaturi navi-Info.plist */,
				30DA4443189FC2B400B48FEC /* InfoPlist.strings */,
				30DA4446189FC2B400B48FEC /* main.m */,
				30DA4448189FC2B400B48FEC /* omaturi navi-Prefix.pch */,
			);
			name = "Supporting Files";
			sourceTree = "<group>";
		};
		30DA4462189FC2B400B48FEC /* sweden_dashTests */ = {
			isa = PBXGroup;
			children = (
				30DA4468189FC2B400B48FEC /* sweden_dashTests.m */,
				30DA4463189FC2B400B48FEC /* Supporting Files */,
			);
			path = sweden_dashTests;
			sourceTree = "<group>";
		};
		30DA4463189FC2B400B48FEC /* Supporting Files */ = {
			isa = PBXGroup;
			children = (
				30DA4464189FC2B400B48FEC /* omaturi naviTests-Info.plist */,
				30DA4465189FC2B400B48FEC /* InfoPlist.strings */,
			);
			name = "Supporting Files";
			sourceTree = "<group>";
		};
/* End PBXGroup section */

/* Begin PBXNativeTarget section */
		30DA4436189FC2B400B48FEC /* omaturi navi */ = {
			isa = PBXNativeTarget;
			buildConfigurationList = 30DA446C189FC2B400B48FEC /* Build configuration list for PBXNativeTarget "omaturi navi" */;
			buildPhases = (
				30DA4433189FC2B400B48FEC /* Sources */,
				30DA4434189FC2B400B48FEC /* Frameworks */,
				30DA4435189FC2B400B48FEC /* Resources */,
			);
			buildRules = (
			);
			dependencies = (
			);
			name = "omaturi navi";
			productName = sweden_dash;
			productReference = 30DA4437189FC2B400B48FEC /* omaturi navi.app */;
			productType = "com.apple.product-type.application";
		};
		30DA445A189FC2B400B48FEC /* omaturi naviTests */ = {
			isa = PBXNativeTarget;
			buildConfigurationList = 30DA446F189FC2B400B48FEC /* Build configuration list for PBXNativeTarget "omaturi naviTests" */;
			buildPhases = (
				30DA4457189FC2B400B48FEC /* Sources */,
				30DA4458189FC2B400B48FEC /* Frameworks */,
				30DA4459189FC2B400B48FEC /* Resources */,
			);
			buildRules = (
			);
			dependencies = (
				30DA4461189FC2B400B48FEC /* PBXTargetDependency */,
			);
			name = "omaturi naviTests";
			productName = sweden_dashTests;
			productReference = 30DA445B189FC2B400B48FEC /* omaturi naviTests.xctest */;
			productType = "com.apple.product-type.bundle.unit-test";
		};
/* End PBXNativeTarget section */

/* Begin PBXProject section */
		30DA442F189FC2B400B48FEC /* Project object */ = {
			isa = PBXProject;
			attributes = {
				LastUpgradeCheck = 0500;
				ORGANIZATIONNAME = kazuhiro;
				TargetAttributes = {
					30DA445A189FC2B400B48FEC = {
						TestTargetID = 30DA4436189FC2B400B48FEC;
					};
				};
			};
			buildConfigurationList = 30DA4432189FC2B400B48FEC /* Build configuration list for PBXProject "omaturi navi" */;
			compatibilityVersion = "Xcode 3.2";
			developmentRegion = English;
			hasScannedForEncodings = 0;
			knownRegions = (
				en,
				Base,
			);
			mainGroup = 30DA442E189FC2B400B48FEC;
			productRefGroup = 30DA4438189FC2B400B48FEC /* Products */;
			projectDirPath = "";
			projectRoot = "";
			targets = (
				30DA4436189FC2B400B48FEC /* omaturi navi */,
				30DA445A189FC2B400B48FEC /* omaturi naviTests */,
			);
		};
/* End PBXProject section */

/* Begin PBXResourcesBuildPhase section */
		30DA4435189FC2B400B48FEC /* Resources */ = {
			isa = PBXResourcesBuildPhase;
			buildActionMask = 2147483647;
			files = (
				302A1D3718A44FE200BAA505 /* 8.jpg in Resources */,
				302A1D3E18A44FE200BAA505 /* Icon-57@2x.png in Resources */,
				302A1D3818A44FE200BAA505 /* 80.png in Resources */,
				302A1D4118A44FE200BAA505 /* Icon-Small.png in Resources */,
				302A1D3318A44FE200BAA505 /* 4.jpg in Resources */,
				302A1D4218A44FE200BAA505 /* Icon-Small@2x.png in Resources */,
				302A1D3118A44FE200BAA505 /* 3.jpg in Resources */,
				302A1D3518A44FE200BAA505 /* 6.jpg in Resources */,
				302A1D3618A44FE200BAA505 /* 7.jpg in Resources */,
				302A1D2D18A44FE200BAA505 /* 10.jpg in Resources */,
				30DA4456189FC2B400B48FEC /* Images.xcassets in Resources */,
				302A1D2C18A44FE200BAA505 /* 1.jpg in Resources */,
				302A1D3C18A44FE200BAA505 /* Icon-40@2x.png in Resources */,
				302A1D2E18A44FE200BAA505 /* 11.jpg in Resources */,
				302A1D3D18A44FE200BAA505 /* Icon-57.png in Resources */,
				302A1D3F18A44FE200BAA505 /* Icon-60.png in Resources */,
				302A1D3A18A44FE200BAA505 /* here2.png in Resources */,
				302A1D3218A44FE200BAA505 /* 35.png in Resources */,
				30DA4445189FC2B400B48FEC /* InfoPlist.strings in Resources */,
				302A1D4418A44FE200BAA505 /* launchimg2.png in Resources */,
				302A1D3918A44FE200BAA505 /* 9.jpg in Resources */,
				302A1D2F18A44FE200BAA505 /* 18.png in Resources */,
				302A1D4318A44FE200BAA505 /* launchimg1.png in Resources */,
				302A1D3418A44FE200BAA505 /* 5.jpg in Resources */,
				302A1D3018A44FE200BAA505 /* 2.jpg in Resources */,
				302A1D4518A44FE200BAA505 /* sweden1.jpg in Resources */,
				30DA444E189FC2B400B48FEC /* Main.storyboard in Resources */,
				302A1D3B18A44FE200BAA505 /* Icon-40.png in Resources */,
				302A1D4018A44FE200BAA505 /* Icon-60@2x.png in Resources */,
			);
			runOnlyForDeploymentPostprocessing = 0;
		};
		30DA4459189FC2B400B48FEC /* Resources */ = {
			isa = PBXResourcesBuildPhase;
			buildActionMask = 2147483647;
			files = (
				30DA4467189FC2B400B48FEC /* InfoPlist.strings in Resources */,
			);
			runOnlyForDeploymentPostprocessing = 0;
		};
/* End PBXResourcesBuildPhase section */

/* Begin PBXSourcesBuildPhase section */
		30DA4433189FC2B400B48FEC /* Sources */ = {
			isa = PBXSourcesBuildPhase;
			buildActionMask = 2147483647;
			files = (
				30DA4454189FC2B400B48FEC /* SecondViewController.m in Sources */,
				30DA444B189FC2B400B48FEC /* AppDelegate.m in Sources */,
				3049D7B318A0B04100012D9A /* CustomAnnotationView.m in Sources */,
				3049D7C018A1D4EA00012D9A /* CollectionViewCell.m in Sources */,
				30DA4477189FC2ED00B48FEC /* contentsView.m in Sources */,
				3049D7B018A0AFF000012D9A /* Annotation.m in Sources */,
				30DA4451189FC2B400B48FEC /* FirstViewController.m in Sources */,
				30DA4447189FC2B400B48FEC /* main.m in Sources */,
				30DA4474189FC2D300B48FEC /* thirdViewController.m in Sources */,
			);
			runOnlyForDeploymentPostprocessing = 0;
		};
		30DA4457189FC2B400B48FEC /* Sources */ = {
			isa = PBXSourcesBuildPhase;
			buildActionMask = 2147483647;
			files = (
				30DA4469189FC2B400B48FEC /* sweden_dashTests.m in Sources */,
			);
			runOnlyForDeploymentPostprocessing = 0;
		};
/* End PBXSourcesBuildPhase section */

/* Begin PBXTargetDependency section */
		30DA4461189FC2B400B48FEC /* PBXTargetDependency */ = {
			isa = PBXTargetDependency;
			target = 30DA4436189FC2B400B48FEC /* omaturi navi */;
			targetProxy = 30DA4460189FC2B400B48FEC /* PBXContainerItemProxy */;
		};
/* End PBXTargetDependency section */

/* Begin PBXVariantGroup section */
		30DA4443189FC2B400B48FEC /* InfoPlist.strings */ = {
			isa = PBXVariantGroup;
			children = (
				30DA4444189FC2B400B48FEC /* en */,
			);
			name = InfoPlist.strings;
			sourceTree = "<group>";
		};
		30DA444C189FC2B400B48FEC /* Main.storyboard */ = {
			isa = PBXVariantGroup;
			children = (
				30DA444D189FC2B400B48FEC /* Base */,
			);
			name = Main.storyboard;
			sourceTree = "<group>";
		};
		30DA4465189FC2B400B48FEC /* InfoPlist.strings */ = {
			isa = PBXVariantGroup;
			children = (
				30DA4466189FC2B400B48FEC /* en */,
			);
			name = InfoPlist.strings;
			sourceTree = "<group>";
		};
/* End PBXVariantGroup section */

/* Begin XCBuildConfiguration section */
		30DA446A189FC2B400B48FEC /* Debug */ = {
			isa = XCBuildConfiguration;
			buildSettings = {
				ALWAYS_SEARCH_USER_PATHS = NO;
				ARCHS = "$(ARCHS_STANDARD_INCLUDING_64_BIT)";
				CLANG_CXX_LANGUAGE_STANDARD = "gnu++0x";
				CLANG_CXX_LIBRARY = "libc++";
				CLANG_ENABLE_MODULES = YES;
				CLANG_ENABLE_OBJC_ARC = YES;
				CLANG_WARN_BOOL_CONVERSION = YES;
				CLANG_WARN_CONSTANT_CONVERSION = YES;
				CLANG_WARN_DIRECT_OBJC_ISA_USAGE = YES_ERROR;
				CLANG_WARN_EMPTY_BODY = YES;
				CLANG_WARN_ENUM_CONVERSION = YES;
				CLANG_WARN_INT_CONVERSION = YES;
				CLANG_WARN_OBJC_ROOT_CLASS = YES_ERROR;
				CLANG_WARN__DUPLICATE_METHOD_MATCH = YES;
				"CODE_SIGN_IDENTITY[sdk=iphoneos*]" = "iPhone Developer";
				COPY_PHASE_STRIP = NO;
				GCC_C_LANGUAGE_STANDARD = gnu99;
				GCC_DYNAMIC_NO_PIC = NO;
				GCC_OPTIMIZATION_LEVEL = 0;
				GCC_PREPROCESSOR_DEFINITIONS = (
					"DEBUG=1",
					"$(inherited)",
				);
				GCC_SYMBOLS_PRIVATE_EXTERN = NO;
				GCC_WARN_64_TO_32_BIT_CONVERSION = YES;
				GCC_WARN_ABOUT_RETURN_TYPE = YES_ERROR;
				GCC_WARN_UNDECLARED_SELECTOR = YES;
				GCC_WARN_UNINITIALIZED_AUTOS = YES;
				GCC_WARN_UNUSED_FUNCTION = YES;
				GCC_WARN_UNUSED_VARIABLE = YES;
				IPHONEOS_DEPLOYMENT_TARGET = 7.0;
				ONLY_ACTIVE_ARCH = YES;
				SDKROOT = iphoneos;
			};
			name = Debug;
		};
		30DA446B189FC2B400B48FEC /* Release */ = {
			isa = XCBuildConfiguration;
			buildSettings = {
				ALWAYS_SEARCH_USER_PATHS = NO;
				ARCHS = "$(ARCHS_STANDARD_INCLUDING_64_BIT)";
				CLANG_CXX_LANGUAGE_STANDARD = "gnu++0x";
				CLANG_CXX_LIBRARY = "libc++";
				CLANG_ENABLE_MODULES = YES;
				CLANG_ENABLE_OBJC_ARC = YES;
				CLANG_WARN_BOOL_CONVERSION = YES;
				CLANG_WARN_CONSTANT_CONVERSION = YES;
				CLANG_WARN_DIRECT_OBJC_ISA_USAGE = YES_ERROR;
				CLANG_WARN_EMPTY_BODY = YES;
				CLANG_WARN_ENUM_CONVERSION = YES;
				CLANG_WARN_INT_CONVERSION = YES;
				CLANG_WARN_OBJC_ROOT_CLASS = YES_ERROR;
				CLANG_WARN__DUPLICATE_METHOD_MATCH = YES;
				"CODE_SIGN_IDENTITY[sdk=iphoneos*]" = "iPhone Developer";
				COPY_PHASE_STRIP = YES;
				ENABLE_NS_ASSERTIONS = NO;
				GCC_C_LANGUAGE_STANDARD = gnu99;
				GCC_WARN_64_TO_32_BIT_CONVERSION = YES;
				GCC_WARN_ABOUT_RETURN_TYPE = YES_ERROR;
				GCC_WARN_UNDECLARED_SELECTOR = YES;
				GCC_WARN_UNINITIALIZED_AUTOS = YES;
				GCC_WARN_UNUSED_FUNCTION = YES;
				GCC_WARN_UNUSED_VARIABLE = YES;
				IPHONEOS_DEPLOYMENT_TARGET = 7.0;
				SDKROOT = iphoneos;
				VALIDATE_PRODUCT = YES;
			};
			name = Release;
		};
		30DA446D189FC2B400B48FEC /* Debug */ = {
			isa = XCBuildConfiguration;
			buildSettings = {
				ASSETCATALOG_COMPILER_APPICON_NAME = AppIcon;
				ASSETCATALOG_COMPILER_LAUNCHIMAGE_NAME = LaunchImage;
				GCC_PRECOMPILE_PREFIX_HEADER = YES;
				GCC_PREFIX_HEADER = "sweden_dash/omaturi navi-Prefix.pch";
				INFOPLIST_FILE = "sweden_dash/omaturi navi-Info.plist";
				PRODUCT_NAME = "omaturi navi";
				WRAPPER_EXTENSION = app;
			};
			name = Debug;
		};
		30DA446E189FC2B400B48FEC /* Release */ = {
			isa = XCBuildConfiguration;
			buildSettings = {
				ASSETCATALOG_COMPILER_APPICON_NAME = AppIcon;
				ASSETCATALOG_COMPILER_LAUNCHIMAGE_NAME = LaunchImage;
				GCC_PRECOMPILE_PREFIX_HEADER = YES;
				GCC_PREFIX_HEADER = "sweden_dash/omaturi navi-Prefix.pch";
				INFOPLIST_FILE = "sweden_dash/omaturi navi-Info.plist";
				PRODUCT_NAME = "omaturi navi";
				WRAPPER_EXTENSION = app;
			};
			name = Release;
		};
		30DA4470189FC2B400B48FEC /* Debug */ = {
			isa = XCBuildConfiguration;
			buildSettings = {
				ARCHS = "$(ARCHS_STANDARD_INCLUDING_64_BIT)";
				BUNDLE_LOADER = "$(BUILT_PRODUCTS_DIR)/sweden_dash.app/sweden_dash";
				FRAMEWORK_SEARCH_PATHS = (
					"$(SDKROOT)/Developer/Library/Frameworks",
					"$(inherited)",
					"$(DEVELOPER_FRAMEWORKS_DIR)",
				);
				GCC_PRECOMPILE_PREFIX_HEADER = YES;
				GCC_PREFIX_HEADER = "sweden_dash/sweden_dash-Prefix.pch";
				GCC_PREPROCESSOR_DEFINITIONS = (
					"DEBUG=1",
					"$(inherited)",
				);
				INFOPLIST_FILE = "sweden_dashTests/omaturi naviTests-Info.plist";
				PRODUCT_NAME = "omaturi naviTests";
				TEST_HOST = "$(BUNDLE_LOADER)";
				WRAPPER_EXTENSION = xctest;
			};
			name = Debug;
		};
		30DA4471189FC2B400B48FEC /* Release */ = {
			isa = XCBuildConfiguration;
			buildSettings = {
				ARCHS = "$(ARCHS_STANDARD_INCLUDING_64_BIT)";
				BUNDLE_LOADER = "$(BUILT_PRODUCTS_DIR)/sweden_dash.app/sweden_dash";
				FRAMEWORK_SEARCH_PATHS = (
					"$(SDKROOT)/Developer/Library/Frameworks",
					"$(inherited)",
					"$(DEVELOPER_FRAMEWORKS_DIR)",
				);
				GCC_PRECOMPILE_PREFIX_HEADER = YES;
				GCC_PREFIX_HEADER = "sweden_dash/sweden_dash-Prefix.pch";
				INFOPLIST_FILE = "sweden_dashTests/omaturi naviTests-Info.plist";
				PRODUCT_NAME = "omaturi naviTests";
				TEST_HOST = "$(BUNDLE_LOADER)";
				WRAPPER_EXTENSION = xctest;
			};
			name = Release;
		};
/* End XCBuildConfiguration section */

/* Begin XCConfigurationList section */
		30DA4432189FC2B400B48FEC /* Build configuration list for PBXProject "omaturi navi" */ = {
			isa = XCConfigurationList;
			buildConfigurations = (
				30DA446A189FC2B400B48FEC /* Debug */,
				30DA446B189FC2B400B48FEC /* Release */,
			);
			defaultConfigurationIsVisible = 0;
			defaultConfigurationName = Release;
		};
		30DA446C189FC2B400B48FEC /* Build configuration list for PBXNativeTarget "omaturi navi" */ = {
			isa = XCConfigurationList;
			buildConfigurations = (
				30DA446D189FC2B400B48FEC /* Debug */,
				30DA446E189FC2B400B48FEC /* Release */,
			);
			defaultConfigurationIsVisible = 0;
			defaultConfigurationName = Release;
		};
		30DA446F189FC2B400B48FEC /* Build configuration list for PBXNativeTarget "omaturi naviTests" */ = {
			isa = XCConfigurationList;
			buildConfigurations = (
				30DA4470189FC2B400B48FEC /* Debug */,
				30DA4471189FC2B400B48FEC /* Release */,
			);
			defaultConfigurationIsVisible = 0;
			defaultConfigurationName = Release;
		};
/* End XCConfigurationList section */
	};
	rootObject = 30DA442F189FC2B400B48FEC /* Project object */;
}
