// !$*UTF8*$!
{
	archiveVersion = 1;
	classes = {
	};
	objectVersion = 46;
	objects = {

/* Begin PBXBuildFile section */
		3012AF5D18B0DE8B0051CBB8 /* 1.jpg in Resources */ = {isa = PBXBuildFile; fileRef = 3012AF4118B0DE8B0051CBB8 /* 1.jpg */; };
		3012AF5E18B0DE8B0051CBB8 /* 10.jpg in Resources */ = {isa = PBXBuildFile; fileRef = 3012AF4218B0DE8B0051CBB8 /* 10.jpg */; };
		3012AF5F18B0DE8B0051CBB8 /* 11.jpg in Resources */ = {isa = PBXBuildFile; fileRef = 3012AF4318B0DE8B0051CBB8 /* 11.jpg */; };
		3012AF6018B0DE8B0051CBB8 /* 12.jpg in Resources */ = {isa = PBXBuildFile; fileRef = 3012AF4418B0DE8B0051CBB8 /* 12.jpg */; };
		3012AF6118B0DE8B0051CBB8 /* 2.jpg in Resources */ = {isa = PBXBuildFile; fileRef = 3012AF4518B0DE8B0051CBB8 /* 2.jpg */; };
		3012AF6218B0DE8B0051CBB8 /* 3.jpg in Resources */ = {isa = PBXBuildFile; fileRef = 3012AF4618B0DE8B0051CBB8 /* 3.jpg */; };
		3012AF6318B0DE8B0051CBB8 /* 4.jpg in Resources */ = {isa = PBXBuildFile; fileRef = 3012AF4718B0DE8B0051CBB8 /* 4.jpg */; };
		3012AF6418B0DE8B0051CBB8 /* 5.jpg in Resources */ = {isa = PBXBuildFile; fileRef = 3012AF4818B0DE8B0051CBB8 /* 5.jpg */; };
		3012AF6518B0DE8B0051CBB8 /* 6.jpg in Resources */ = {isa = PBXBuildFile; fileRef = 3012AF4918B0DE8B0051CBB8 /* 6.jpg */; };
		3012AF6618B0DE8B0051CBB8 /* 7.jpg in Resources */ = {isa = PBXBuildFile; fileRef = 3012AF4A18B0DE8B0051CBB8 /* 7.jpg */; };
		3012AF6718B0DE8B0051CBB8 /* 8.jpg in Resources */ = {isa = PBXBuildFile; fileRef = 3012AF4B18B0DE8B0051CBB8 /* 8.jpg */; };
		3012AF6818B0DE8B0051CBB8 /* 9.jpg in Resources */ = {isa = PBXBuildFile; fileRef = 3012AF4C18B0DE8B0051CBB8 /* 9.jpg */; };
		3012AF6918B0DE8B0051CBB8 /* benetiaFes.jpg in Resources */ = {isa = PBXBuildFile; fileRef = 3012AF4D18B0DE8B0051CBB8 /* benetiaFes.jpg */; };
		3012AF6A18B0DE8B0051CBB8 /* comroiFes.jpg in Resources */ = {isa = PBXBuildFile; fileRef = 3012AF4E18B0DE8B0051CBB8 /* comroiFes.jpg */; };
		3012AF6B18B0DE8B0051CBB8 /* here2.png in Resources */ = {isa = PBXBuildFile; fileRef = 3012AF4F18B0DE8B0051CBB8 /* here2.png */; };
		3012AF6C18B0DE8B0051CBB8 /* icon29.png in Resources */ = {isa = PBXBuildFile; fileRef = 3012AF5018B0DE8B0051CBB8 /* icon29.png */; };
		3012AF6D18B0DE8B0051CBB8 /* icon29×2.png in Resources */ = {isa = PBXBuildFile; fileRef = 3012AF5118B0DE8B0051CBB8 /* icon29×2.png */; };
		3012AF6E18B0DE8B0051CBB8 /* icon40×2.png in Resources */ = {isa = PBXBuildFile; fileRef = 3012AF5218B0DE8B0051CBB8 /* icon40×2.png */; };
		3012AF6F18B0DE8B0051CBB8 /* icon57.png in Resources */ = {isa = PBXBuildFile; fileRef = 3012AF5318B0DE8B0051CBB8 /* icon57.png */; };
		3012AF7018B0DE8B0051CBB8 /* icon57×2 .png in Resources */ = {isa = PBXBuildFile; fileRef = 3012AF5418B0DE8B0051CBB8 /* icon57×2 .png */; };
		3012AF7118B0DE8B0051CBB8 /* icon60×2.png in Resources */ = {isa = PBXBuildFile; fileRef = 3012AF5518B0DE8B0051CBB8 /* icon60×2.png */; };
		3012AF7218B0DE8B0051CBB8 /* img.png in Resources */ = {isa = PBXBuildFile; fileRef = 3012AF5618B0DE8B0051CBB8 /* img.png */; };
		3012AF7318B0DE8B0051CBB8 /* launchimg.png in Resources */ = {isa = PBXBuildFile; fileRef = 3012AF5718B0DE8B0051CBB8 /* launchimg.png */; };
		3012AF7418B0DE8B0051CBB8 /* launchimg2.png in Resources */ = {isa = PBXBuildFile; fileRef = 3012AF5818B0DE8B0051CBB8 /* launchimg2.png */; };
		3012AF7518B0DE8B0051CBB8 /* map.png in Resources */ = {isa = PBXBuildFile; fileRef = 3012AF5918B0DE8B0051CBB8 /* map.png */; };
		3012AF7618B0DE8B0051CBB8 /* octberFes.jpg in Resources */ = {isa = PBXBuildFile; fileRef = 3012AF5A18B0DE8B0051CBB8 /* octberFes.jpg */; };
		3012AF7718B0DE8B0051CBB8 /* omaturi navi-logo.png in Resources */ = {isa = PBXBuildFile; fileRef = 3012AF5B18B0DE8B0051CBB8 /* omaturi navi-logo.png */; };
		3012AF7818B0DE8B0051CBB8 /* table.png in Resources */ = {isa = PBXBuildFile; fileRef = 3012AF5C18B0DE8B0051CBB8 /* table.png */; };
		3049D7C018A1D4EA00012D9A /* CollectionViewCell.m in Sources */ = {isa = PBXBuildFile; fileRef = 3049D7BF18A1D4EA00012D9A /* CollectionViewCell.m */; };
		3049D7C218A213B800012D9A /* Social.framework in Frameworks */ = {isa = PBXBuildFile; fileRef = 3049D7C118A213B800012D9A /* Social.framework */; };
		3071B56B18BD46E7009E90AB /* MapKit.framework in Frameworks */ = {isa = PBXBuildFile; fileRef = 3071B56A18BD46E7009E90AB /* MapKit.framework */; };
		3071B56E18BD499D009E90AB /* mapViewController.m in Sources */ = {isa = PBXBuildFile; fileRef = 3071B56D18BD499D009E90AB /* mapViewController.m */; };
		3071B57118BD49CE009E90AB /* CustomAnnotation.m in Sources */ = {isa = PBXBuildFile; fileRef = 3071B57018BD49CE009E90AB /* CustomAnnotation.m */; };
		30DA443B189FC2B400B48FEC /* Foundation.framework in Frameworks */ = {isa = PBXBuildFile; fileRef = 30DA443A189FC2B400B48FEC /* Foundation.framework */; };
		30DA443D189FC2B400B48FEC /* CoreGraphics.framework in Frameworks */ = {isa = PBXBuildFile; fileRef = 30DA443C189FC2B400B48FEC /* CoreGraphics.framework */; };
		30DA443F189FC2B400B48FEC /* UIKit.framework in Frameworks */ = {isa = PBXBuildFile; fileRef = 30DA443E189FC2B400B48FEC /* UIKit.framework */; };
		30DA4445189FC2B400B48FEC /* InfoPlist.strings in Resources */ = {isa = PBXBuildFile; fileRef = 30DA4443189FC2B400B48FEC /* InfoPlist.strings */; };
		30DA4447189FC2B400B48FEC /* main.m in Sources */ = {isa = PBXBuildFile; fileRef = 30DA4446189FC2B400B48FEC /* main.m */; };
		30DA444B189FC2B400B48FEC /* AppDelegate.m in Sources */ = {isa = PBXBuildFile; fileRef = 30DA444A189FC2B400B48FEC /* AppDelegate.m */; };
		30DA444E189FC2B400B48FEC /* Main.storyboard in Resources */ = {isa = PBXBuildFile; fileRef = 30DA444C189FC2B400B48FEC /* Main.storyboard */; };
		30DA4451189FC2B400B48FEC /* FirstViewController.m in Sources */ = {isa = PBXBuildFile; fileRef = 30DA4450189FC2B400B48FEC /* FirstViewController.m */; };
		30DA4454189FC2B400B48FEC /* SecondViewController.m in Sources */ = {isa = PBXBuildFile; fileRef = 30DA4453189FC2B400B48FEC /* SecondViewController.m */; };
		30DA4456189FC2B400B48FEC /* Images.xcassets in Resources */ = {isa = PBXBuildFile; fileRef = 30DA4455189FC2B400B48FEC /* Images.xcassets */; };
		30DA445D189FC2B400B48FEC /* XCTest.framework in Frameworks */ = {isa = PBXBuildFile; fileRef = 30DA445C189FC2B400B48FEC /* XCTest.framework */; };
		30DA445E189FC2B400B48FEC /* Foundation.framework in Frameworks */ = {isa = PBXBuildFile; fileRef = 30DA443A189FC2B400B48FEC /* Foundation.framework */; };
		30DA445F189FC2B400B48FEC /* UIKit.framework in Frameworks */ = {isa = PBXBuildFile; fileRef = 30DA443E189FC2B400B48FEC /* UIKit.framework */; };
		30DA4467189FC2B400B48FEC /* InfoPlist.strings in Resources */ = {isa = PBXBuildFile; fileRef = 30DA4465189FC2B400B48FEC /* InfoPlist.strings */; };
		30DA4469189FC2B400B48FEC /* sweden_dashTests.m in Sources */ = {isa = PBXBuildFile; fileRef = 30DA4468189FC2B400B48FEC /* sweden_dashTests.m */; };
		30DA4477189FC2ED00B48FEC /* contentsView.m in Sources */ = {isa = PBXBuildFile; fileRef = 30DA4476189FC2ED00B48FEC /* contentsView.m */; };
		30DA4494189FDB3000B48FEC /* CoreLocation.framework in Frameworks */ = {isa = PBXBuildFile; fileRef = 30DA4493189FDB3000B48FEC /* CoreLocation.framework */; };
/* End PBXBuildFile section */

/* Begin PBXContainerItemProxy section */
		30DA4460189FC2B400B48FEC /* PBXContainerItemProxy */ = {
			isa = PBXContainerItemProxy;
			containerPortal = 30DA442F189FC2B400B48FEC /* Project object */;
			proxyType = 1;
			remoteGlobalIDString = 30DA4436189FC2B400B48FEC;
			remoteInfo = sweden_dash;
		};
/* End PBXContainerItemProxy section */

/* Begin PBXFileReference section */
		3012AF4118B0DE8B0051CBB8 /* 1.jpg */ = {isa = PBXFileReference; lastKnownFileType = image.jpeg; path = 1.jpg; sourceTree = "<group>"; };
		3012AF4218B0DE8B0051CBB8 /* 10.jpg */ = {isa = PBXFileReference; lastKnownFileType = image.jpeg; path = 10.jpg; sourceTree = "<group>"; };
		3012AF4318B0DE8B0051CBB8 /* 11.jpg */ = {isa = PBXFileReference; lastKnownFileType = image.jpeg; path = 11.jpg; sourceTree = "<group>"; };
		3012AF4418B0DE8B0051CBB8 /* 12.jpg */ = {isa = PBXFileReference; lastKnownFileType = image.jpeg; path = 12.jpg; sourceTree = "<group>"; };
		3012AF4518B0DE8B0051CBB8 /* 2.jpg */ = {isa = PBXFileReference; lastKnownFileType = image.jpeg; path = 2.jpg; sourceTree = "<group>"; };
		3012AF4618B0DE8B0051CBB8 /* 3.jpg */ = {isa = PBXFileReference; lastKnownFileType = image.jpeg; path = 3.jpg; sourceTree = "<group>"; };
		3012AF4718B0DE8B0051CBB8 /* 4.jpg */ = {isa = PBXFileReference; lastKnownFileType = image.jpeg; path = 4.jpg; sourceTree = "<group>"; };
		3012AF4818B0DE8B0051CBB8 /* 5.jpg */ = {isa = PBXFileReference; lastKnownFileType = image.jpeg; path = 5.jpg; sourceTree = "<group>"; };
		3012AF4918B0DE8B0051CBB8 /* 6.jpg */ = {isa = PBXFileReference; lastKnownFileType = image.jpeg; path = 6.jpg; sourceTree = "<group>"; };
		3012AF4A18B0DE8B0051CBB8 /* 7.jpg */ = {isa = PBXFileReference; lastKnownFileType = image.jpeg; path = 7.jpg; sourceTree = "<group>"; };
		3012AF4B18B0DE8B0051CBB8 /* 8.jpg */ = {isa = PBXFileReference; lastKnownFileType = image.jpeg; path = 8.jpg; sourceTree = "<group>"; };
		3012AF4C18B0DE8B0051CBB8 /* 9.jpg */ = {isa = PBXFileReference; lastKnownFileType = image.jpeg; path = 9.jpg; sourceTree = "<group>"; };
		3012AF4D18B0DE8B0051CBB8 /* benetiaFes.jpg */ = {isa = PBXFileReference; lastKnownFileType = image.jpeg; path = benetiaFes.jpg; sourceTree = "<group>"; };
		3012AF4E18B0DE8B0051CBB8 /* comroiFes.jpg */ = {isa = PBXFileReference; lastKnownFileType = image.jpeg; path = comroiFes.jpg; sourceTree = "<group>"; };
		3012AF4F18B0DE8B0051CBB8 /* here2.png */ = {isa = PBXFileReference; lastKnownFileType = image.png; path = here2.png; sourceTree = "<group>"; };
		3012AF5018B0DE8B0051CBB8 /* icon29.png */ = {isa = PBXFileReference; lastKnownFileType = image.png; path = icon29.png; sourceTree = "<group>"; };
		3012AF5118B0DE8B0051CBB8 /* icon29×2.png */ = {isa = PBXFileReference; lastKnownFileType = image.png; path = "icon29×2.png"; sourceTree = "<group>"; };
		3012AF5218B0DE8B0051CBB8 /* icon40×2.png */ = {isa = PBXFileReference; lastKnownFileType = image.png; path = "icon40×2.png"; sourceTree = "<group>"; };
		3012AF5318B0DE8B0051CBB8 /* icon57.png */ = {isa = PBXFileReference; lastKnownFileType = image.png; path = icon57.png; sourceTree = "<group>"; };
		3012AF5418B0DE8B0051CBB8 /* icon57×2 .png */ = {isa = PBXFileReference; lastKnownFileType = image.png; path = "icon57×2 .png"; sourceTree = "<group>"; };
		3012AF5518B0DE8B0051CBB8 /* icon60×2.png */ = {isa = PBXFileReference; lastKnownFileType = image.png; path = "icon60×2.png"; sourceTree = "<group>"; };
		3012AF5618B0DE8B0051CBB8 /* img.png */ = {isa = PBXFileReference; lastKnownFileType = image.png; path = img.png; sourceTree = "<group>"; };
		3012AF5718B0DE8B0051CBB8 /* launchimg.png */ = {isa = PBXFileReference; lastKnownFileType = image.png; path = launchimg.png; sourceTree = "<group>"; };
		3012AF5818B0DE8B0051CBB8 /* launchimg2.png */ = {isa = PBXFileReference; lastKnownFileType = image.png; path = launchimg2.png; sourceTree = "<group>"; };
		3012AF5918B0DE8B0051CBB8 /* map.png */ = {isa = PBXFileReference; lastKnownFileType = image.png; path = map.png; sourceTree = "<group>"; };
		3012AF5A18B0DE8B0051CBB8 /* octberFes.jpg */ = {isa = PBXFileReference; lastKnownFileType = image.jpeg; path = octberFes.jpg; sourceTree = "<group>"; };
		3012AF5B18B0DE8B0051CBB8 /* omaturi navi-logo.png */ = {isa = PBXFileReference; lastKnownFileType = image.png; path = "omaturi navi-logo.png"; sourceTree = "<group>"; };
		3012AF5C18B0DE8B0051CBB8 /* table.png */ = {isa = PBXFileReference; lastKnownFileType = image.png; path = table.png; sourceTree = "<group>"; };
		3049D7BE18A1D4EA00012D9A /* CollectionViewCell.h */ = {isa = PBXFileReference; fileEncoding = 4; lastKnownFileType = sourcecode.c.h; path = CollectionViewCell.h; sourceTree = "<group>"; };
		3049D7BF18A1D4EA00012D9A /* CollectionViewCell.m */ = {isa = PBXFileReference; fileEncoding = 4; lastKnownFileType = sourcecode.c.objc; path = CollectionViewCell.m; sourceTree = "<group>"; };
		3049D7C118A213B800012D9A /* Social.framework */ = {isa = PBXFileReference; lastKnownFileType = wrapper.framework; name = Social.framework; path = System/Library/Frameworks/Social.framework; sourceTree = SDKROOT; };
		3071B56A18BD46E7009E90AB /* MapKit.framework */ = {isa = PBXFileReference; lastKnownFileType = wrapper.framework; name = MapKit.framework; path = System/Library/Frameworks/MapKit.framework; sourceTree = SDKROOT; };
		3071B56C18BD499D009E90AB /* mapViewController.h */ = {isa = PBXFileReference; fileEncoding = 4; lastKnownFileType = sourcecode.c.h; path = mapViewController.h; sourceTree = "<group>"; };
		3071B56D18BD499D009E90AB /* mapViewController.m */ = {isa = PBXFileReference; fileEncoding = 4; lastKnownFileType = sourcecode.c.objc; path = mapViewController.m; sourceTree = "<group>"; };
		3071B56F18BD49CD009E90AB /* CustomAnnotation.h */ = {isa = PBXFileReference; fileEncoding = 4; lastKnownFileType = sourcecode.c.h; path = CustomAnnotation.h; sourceTree = "<group>"; };
		3071B57018BD49CE009E90AB /* CustomAnnotation.m */ = {isa = PBXFileReference; fileEncoding = 4; lastKnownFileType = sourcecode.c.objc; path = CustomAnnotation.m; sourceTree = "<group>"; };
		30DA4437189FC2B400B48FEC /* BG.app */ = {isa = PBXFileReference; explicitFileType = wrapper.application; includeInIndex = 0; path = BG.app; sourceTree = BUILT_PRODUCTS_DIR; };
		30DA443A189FC2B400B48FEC /* Foundation.framework */ = {isa = PBXFileReference; lastKnownFileType = wrapper.framework; name = Foundation.framework; path = System/Library/Frameworks/Foundation.framework; sourceTree = SDKROOT; };
		30DA443C189FC2B400B48FEC /* CoreGraphics.framework */ = {isa = PBXFileReference; lastKnownFileType = wrapper.framework; name = CoreGraphics.framework; path = System/Library/Frameworks/CoreGraphics.framework; sourceTree = SDKROOT; };
		30DA443E189FC2B400B48FEC /* UIKit.framework */ = {isa = PBXFileReference; lastKnownFileType = wrapper.framework; name = UIKit.framework; path = System/Library/Frameworks/UIKit.framework; sourceTree = SDKROOT; };
		30DA4442189FC2B400B48FEC /* BG-Info.plist */ = {isa = PBXFileReference; lastKnownFileType = text.plist.xml; path = "BG-Info.plist"; sourceTree = "<group>"; };
		30DA4444189FC2B400B48FEC /* en */ = {isa = PBXFileReference; lastKnownFileType = text.plist.strings; name = en; path = en.lproj/InfoPlist.strings; sourceTree = "<group>"; };
		30DA4446189FC2B400B48FEC /* main.m */ = {isa = PBXFileReference; lastKnownFileType = sourcecode.c.objc; path = main.m; sourceTree = "<group>"; };
		30DA4448189FC2B400B48FEC /* BG-Prefix.pch */ = {isa = PBXFileReference; lastKnownFileType = sourcecode.c.h; path = "BG-Prefix.pch"; sourceTree = "<group>"; };
		30DA4449189FC2B400B48FEC /* AppDelegate.h */ = {isa = PBXFileReference; lastKnownFileType = sourcecode.c.h; path = AppDelegate.h; sourceTree = "<group>"; };
		30DA444A189FC2B400B48FEC /* AppDelegate.m */ = {isa = PBXFileReference; lastKnownFileType = sourcecode.c.objc; path = AppDelegate.m; sourceTree = "<group>"; };
		30DA444D189FC2B400B48FEC /* Base */ = {isa = PBXFileReference; lastKnownFileType = file.storyboard; name = Base; path = Base.lproj/Main.storyboard; sourceTree = "<group>"; };
		30DA444F189FC2B400B48FEC /* FirstViewController.h */ = {isa = PBXFileReference; lastKnownFileType = sourcecode.c.h; path = FirstViewController.h; sourceTree = "<group>"; };
		30DA4450189FC2B400B48FEC /* FirstViewController.m */ = {isa = PBXFileReference; lastKnownFileType = sourcecode.c.objc; path = FirstViewController.m; sourceTree = "<group>"; };
		30DA4452189FC2B400B48FEC /* SecondViewController.h */ = {isa = PBXFileReference; lastKnownFileType = sourcecode.c.h; path = SecondViewController.h; sourceTree = "<group>"; };
		30DA4453189FC2B400B48FEC /* SecondViewController.m */ = {isa = PBXFileReference; lastKnownFileType = sourcecode.c.objc; path = SecondViewController.m; sourceTree = "<group>"; };
		30DA4455189FC2B400B48FEC /* Images.xcassets */ = {isa = PBXFileReference; lastKnownFileType = folder.assetcatalog; path = Images.xcassets; sourceTree = "<group>"; };
		30DA445B189FC2B400B48FEC /* BGTests.xctest */ = {isa = PBXFileReference; explicitFileType = wrapper.cfbundle; includeInIndex = 0; path = BGTests.xctest; sourceTree = BUILT_PRODUCTS_DIR; };
		30DA445C189FC2B400B48FEC /* XCTest.framework */ = {isa = PBXFileReference; lastKnownFileType = wrapper.framework; name = XCTest.framework; path = Library/Frameworks/XCTest.framework; sourceTree = DEVELOPER_DIR; };
		30DA4464189FC2B400B48FEC /* BGTests-Info.plist */ = {isa = PBXFileReference; lastKnownFileType = text.plist.xml; path = "BGTests-Info.plist"; sourceTree = "<group>"; };
		30DA4466189FC2B400B48FEC /* en */ = {isa = PBXFileReference; lastKnownFileType = text.plist.strings; name = en; path = en.lproj/InfoPlist.strings; sourceTree = "<group>"; };
		30DA4468189FC2B400B48FEC /* sweden_dashTests.m */ = {isa = PBXFileReference; lastKnownFileType = sourcecode.c.objc; path = sweden_dashTests.m; sourceTree = "<group>"; };
		30DA4475189FC2ED00B48FEC /* contentsView.h */ = {isa = PBXFileReference; fileEncoding = 4; lastKnownFileType = sourcecode.c.h; path = contentsView.h; sourceTree = "<group>"; };
		30DA4476189FC2ED00B48FEC /* contentsView.m */ = {isa = PBXFileReference; fileEncoding = 4; lastKnownFileType = sourcecode.c.objc; path = contentsView.m; sourceTree = "<group>"; };
		30DA4493189FDB3000B48FEC /* CoreLocation.framework */ = {isa = PBXFileReference; lastKnownFileType = wrapper.framework; name = CoreLocation.framework; path = System/Library/Frameworks/CoreLocation.framework; sourceTree = SDKROOT; };
/* End PBXFileReference section */

/* Begin PBXFrameworksBuildPhase section */
		30DA4434189FC2B400B48FEC /* Frameworks */ = {
			isa = PBXFrameworksBuildPhase;
			buildActionMask = 2147483647;
			files = (
				3071B56B18BD46E7009E90AB /* MapKit.framework in Frameworks */,
				3049D7C218A213B800012D9A /* Social.framework in Frameworks */,
				30DA4494189FDB3000B48FEC /* CoreLocation.framework in Frameworks */,
				30DA443D189FC2B400B48FEC /* CoreGraphics.framework in Frameworks */,
				30DA443F189FC2B400B48FEC /* UIKit.framework in Frameworks */,
				30DA443B189FC2B400B48FEC /* Foundation.framework in Frameworks */,
			);
			runOnlyForDeploymentPostprocessing = 0;
		};
		30DA4458189FC2B400B48FEC /* Frameworks */ = {
			isa = PBXFrameworksBuildPhase;
			buildActionMask = 2147483647;
			files = (
				30DA445D189FC2B400B48FEC /* XCTest.framework in Frameworks */,
				30DA445F189FC2B400B48FEC /* UIKit.framework in Frameworks */,
				30DA445E189FC2B400B48FEC /* Foundation.framework in Frameworks */,
			);
			runOnlyForDeploymentPostprocessing = 0;
		};
/* End PBXFrameworksBuildPhase section */

/* Begin PBXGroup section */
		3012AF4018B0DE8B0051CBB8 /* omaturi navi_img */ = {
			isa = PBXGroup;
			children = (
				3012AF4118B0DE8B0051CBB8 /* 1.jpg */,
				3012AF4218B0DE8B0051CBB8 /* 10.jpg */,
				3012AF4318B0DE8B0051CBB8 /* 11.jpg */,
				3012AF4418B0DE8B0051CBB8 /* 12.jpg */,
				3012AF4518B0DE8B0051CBB8 /* 2.jpg */,
				3012AF4618B0DE8B0051CBB8 /* 3.jpg */,
				3012AF4718B0DE8B0051CBB8 /* 4.jpg */,
				3012AF4818B0DE8B0051CBB8 /* 5.jpg */,
				3012AF4918B0DE8B0051CBB8 /* 6.jpg */,
				3012AF4A18B0DE8B0051CBB8 /* 7.jpg */,
				3012AF4B18B0DE8B0051CBB8 /* 8.jpg */,
				3012AF4C18B0DE8B0051CBB8 /* 9.jpg */,
				3012AF4D18B0DE8B0051CBB8 /* benetiaFes.jpg */,
				3012AF4E18B0DE8B0051CBB8 /* comroiFes.jpg */,
				3012AF4F18B0DE8B0051CBB8 /* here2.png */,
				3012AF5018B0DE8B0051CBB8 /* icon29.png */,
				3012AF5118B0DE8B0051CBB8 /* icon29×2.png */,
				3012AF5218B0DE8B0051CBB8 /* icon40×2.png */,
				3012AF5318B0DE8B0051CBB8 /* icon57.png */,
				3012AF5418B0DE8B0051CBB8 /* icon57×2 .png */,
				3012AF5518B0DE8B0051CBB8 /* icon60×2.png */,
				3012AF5618B0DE8B0051CBB8 /* img.png */,
				3012AF5718B0DE8B0051CBB8 /* launchimg.png */,
				3012AF5818B0DE8B0051CBB8 /* launchimg2.png */,
				3012AF5918B0DE8B0051CBB8 /* map.png */,
				3012AF5A18B0DE8B0051CBB8 /* octberFes.jpg */,
				3012AF5B18B0DE8B0051CBB8 /* omaturi navi-logo.png */,
				3012AF5C18B0DE8B0051CBB8 /* table.png */,
			);
			path = "omaturi navi_img";
			sourceTree = "<group>";
		};
		30DA442E189FC2B400B48FEC = {
			isa = PBXGroup;
			children = (
				30DA4440189FC2B400B48FEC /* sweden_dash */,
				30DA4462189FC2B400B48FEC /* sweden_dashTests */,
				30DA4439189FC2B400B48FEC /* Frameworks */,
				30DA4438189FC2B400B48FEC /* Products */,
			);
			sourceTree = "<group>";
		};
		30DA4438189FC2B400B48FEC /* Products */ = {
			isa = PBXGroup;
			children = (
				30DA4437189FC2B400B48FEC /* BG.app */,
				30DA445B189FC2B400B48FEC /* BGTests.xctest */,
			);
			name = Products;
			sourceTree = "<group>";
		};
		30DA4439189FC2B400B48FEC /* Frameworks */ = {
			isa = PBXGroup;
			children = (
				3071B56A18BD46E7009E90AB /* MapKit.framework */,
				3049D7C118A213B800012D9A /* Social.framework */,
				30DA4493189FDB3000B48FEC /* CoreLocation.framework */,
				30DA443A189FC2B400B48FEC /* Foundation.framework */,
				30DA443C189FC2B400B48FEC /* CoreGraphics.framework */,
				30DA443E189FC2B400B48FEC /* UIKit.framework */,
				30DA445C189FC2B400B48FEC /* XCTest.framework */,
			);
			name = Frameworks;
			sourceTree = "<group>";
		};
		30DA4440189FC2B400B48FEC /* sweden_dash */ = {
			isa = PBXGroup;
			children = (
				30DA4449189FC2B400B48FEC /* AppDelegate.h */,
				30DA444A189FC2B400B48FEC /* AppDelegate.m */,
				30DA444C189FC2B400B48FEC /* Main.storyboard */,
				30DA444F189FC2B400B48FEC /* FirstViewController.h */,
				30DA4450189FC2B400B48FEC /* FirstViewController.m */,
				30DA4475189FC2ED00B48FEC /* contentsView.h */,
				30DA4476189FC2ED00B48FEC /* contentsView.m */,
				30DA4452189FC2B400B48FEC /* SecondViewController.h */,
				30DA4453189FC2B400B48FEC /* SecondViewController.m */,
				3049D7BE18A1D4EA00012D9A /* CollectionViewCell.h */,
				3049D7BF18A1D4EA00012D9A /* CollectionViewCell.m */,
				3071B56C18BD499D009E90AB /* mapViewController.h */,
				3071B56D18BD499D009E90AB /* mapViewController.m */,
				3071B56F18BD49CD009E90AB /* CustomAnnotation.h */,
				3071B57018BD49CE009E90AB /* CustomAnnotation.m */,
				30DA4455189FC2B400B48FEC /* Images.xcassets */,
				3012AF4018B0DE8B0051CBB8 /* omaturi navi_img */,
				30DA4441189FC2B400B48FEC /* Supporting Files */,
			);
			path = sweden_dash;
			sourceTree = "<group>";
		};
		30DA4441189FC2B400B48FEC /* Supporting Files */ = {
			isa = PBXGroup;
			children = (
				30DA4442189FC2B400B48FEC /* BG-Info.plist */,
				30DA4443189FC2B400B48FEC /* InfoPlist.strings */,
				30DA4446189FC2B400B48FEC /* main.m */,
				30DA4448189FC2B400B48FEC /* BG-Prefix.pch */,
			);
			name = "Supporting Files";
			sourceTree = "<group>";
		};
		30DA4462189FC2B400B48FEC /* sweden_dashTests */ = {
			isa = PBXGroup;
			children = (
				30DA4468189FC2B400B48FEC /* sweden_dashTests.m */,
				30DA4463189FC2B400B48FEC /* Supporting Files */,
			);
			path = sweden_dashTests;
			sourceTree = "<group>";
		};
		30DA4463189FC2B400B48FEC /* Supporting Files */ = {
			isa = PBXGroup;
			children = (
				30DA4464189FC2B400B48FEC /* BGTests-Info.plist */,
				30DA4465189FC2B400B48FEC /* InfoPlist.strings */,
			);
			name = "Supporting Files";
			sourceTree = "<group>";
		};
/* End PBXGroup section */

/* Begin PBXNativeTarget section */
		30DA4436189FC2B400B48FEC /* BG */ = {
			isa = PBXNativeTarget;
			buildConfigurationList = 30DA446C189FC2B400B48FEC /* Build configuration list for PBXNativeTarget "BG" */;
			buildPhases = (
				30DA4433189FC2B400B48FEC /* Sources */,
				30DA4434189FC2B400B48FEC /* Frameworks */,
				30DA4435189FC2B400B48FEC /* Resources */,
			);
			buildRules = (
			);
			dependencies = (
			);
			name = BG;
			productName = sweden_dash;
			productReference = 30DA4437189FC2B400B48FEC /* BG.app */;
			productType = "com.apple.product-type.application";
		};
		30DA445A189FC2B400B48FEC /* BGTests */ = {
			isa = PBXNativeTarget;
			buildConfigurationList = 30DA446F189FC2B400B48FEC /* Build configuration list for PBXNativeTarget "BGTests" */;
			buildPhases = (
				30DA4457189FC2B400B48FEC /* Sources */,
				30DA4458189FC2B400B48FEC /* Frameworks */,
				30DA4459189FC2B400B48FEC /* Resources */,
			);
			buildRules = (
			);
			dependencies = (
				30DA4461189FC2B400B48FEC /* PBXTargetDependency */,
			);
			name = BGTests;
			productName = sweden_dashTests;
			productReference = 30DA445B189FC2B400B48FEC /* BGTests.xctest */;
			productType = "com.apple.product-type.bundle.unit-test";
		};
/* End PBXNativeTarget section */

/* Begin PBXProject section */
		30DA442F189FC2B400B48FEC /* Project object */ = {
			isa = PBXProject;
			attributes = {
				LastUpgradeCheck = 0500;
				ORGANIZATIONNAME = kazuhiro;
				TargetAttributes = {
					30DA445A189FC2B400B48FEC = {
						TestTargetID = 30DA4436189FC2B400B48FEC;
					};
				};
			};
			buildConfigurationList = 30DA4432189FC2B400B48FEC /* Build configuration list for PBXProject "BG" */;
			compatibilityVersion = "Xcode 3.2";
			developmentRegion = English;
			hasScannedForEncodings = 0;
			knownRegions = (
				en,
				Base,
			);
			mainGroup = 30DA442E189FC2B400B48FEC;
			productRefGroup = 30DA4438189FC2B400B48FEC /* Products */;
			projectDirPath = "";
			projectRoot = "";
			targets = (
				30DA4436189FC2B400B48FEC /* BG */,
				30DA445A189FC2B400B48FEC /* BGTests */,
			);
		};
/* End PBXProject section */

/* Begin PBXResourcesBuildPhase section */
		30DA4435189FC2B400B48FEC /* Resources */ = {
			isa = PBXResourcesBuildPhase;
			buildActionMask = 2147483647;
			files = (
				3012AF6418B0DE8B0051CBB8 /* 5.jpg in Resources */,
				3012AF7018B0DE8B0051CBB8 /* icon57×2 .png in Resources */,
				3012AF6C18B0DE8B0051CBB8 /* icon29.png in Resources */,
				3012AF6218B0DE8B0051CBB8 /* 3.jpg in Resources */,
				3012AF7518B0DE8B0051CBB8 /* map.png in Resources */,
				3012AF5E18B0DE8B0051CBB8 /* 10.jpg in Resources */,
				3012AF6918B0DE8B0051CBB8 /* benetiaFes.jpg in Resources */,
				3012AF7718B0DE8B0051CBB8 /* omaturi navi-logo.png in Resources */,
				3012AF7318B0DE8B0051CBB8 /* launchimg.png in Resources */,
				3012AF6818B0DE8B0051CBB8 /* 9.jpg in Resources */,
				30DA4456189FC2B400B48FEC /* Images.xcassets in Resources */,
				3012AF6018B0DE8B0051CBB8 /* 12.jpg in Resources */,
				3012AF6D18B0DE8B0051CBB8 /* icon29×2.png in Resources */,
				3012AF6E18B0DE8B0051CBB8 /* icon40×2.png in Resources */,
				3012AF7618B0DE8B0051CBB8 /* octberFes.jpg in Resources */,
				3012AF5D18B0DE8B0051CBB8 /* 1.jpg in Resources */,
				3012AF6718B0DE8B0051CBB8 /* 8.jpg in Resources */,
				3012AF7418B0DE8B0051CBB8 /* launchimg2.png in Resources */,
				3012AF6518B0DE8B0051CBB8 /* 6.jpg in Resources */,
				3012AF6B18B0DE8B0051CBB8 /* here2.png in Resources */,
				3012AF7118B0DE8B0051CBB8 /* icon60×2.png in Resources */,
				3012AF6F18B0DE8B0051CBB8 /* icon57.png in Resources */,
				3012AF7818B0DE8B0051CBB8 /* table.png in Resources */,
				3012AF5F18B0DE8B0051CBB8 /* 11.jpg in Resources */,
				30DA4445189FC2B400B48FEC /* InfoPlist.strings in Resources */,
				3012AF6118B0DE8B0051CBB8 /* 2.jpg in Resources */,
				3012AF7218B0DE8B0051CBB8 /* img.png in Resources */,
				3012AF6618B0DE8B0051CBB8 /* 7.jpg in Resources */,
				3012AF6318B0DE8B0051CBB8 /* 4.jpg in Resources */,
				3012AF6A18B0DE8B0051CBB8 /* comroiFes.jpg in Resources */,
				30DA444E189FC2B400B48FEC /* Main.storyboard in Resources */,
			);
			runOnlyForDeploymentPostprocessing = 0;
		};
		30DA4459189FC2B400B48FEC /* Resources */ = {
			isa = PBXResourcesBuildPhase;
			buildActionMask = 2147483647;
			files = (
				30DA4467189FC2B400B48FEC /* InfoPlist.strings in Resources */,
			);
			runOnlyForDeploymentPostprocessing = 0;
		};
/* End PBXResourcesBuildPhase section */

/* Begin PBXSourcesBuildPhase section */
		30DA4433189FC2B400B48FEC /* Sources */ = {
			isa = PBXSourcesBuildPhase;
			buildActionMask = 2147483647;
			files = (
				30DA4454189FC2B400B48FEC /* SecondViewController.m in Sources */,
				30DA444B189FC2B400B48FEC /* AppDelegate.m in Sources */,
				3049D7C018A1D4EA00012D9A /* CollectionViewCell.m in Sources */,
				3071B57118BD49CE009E90AB /* CustomAnnotation.m in Sources */,
				30DA4477189FC2ED00B48FEC /* contentsView.m in Sources */,
				3071B56E18BD499D009E90AB /* mapViewController.m in Sources */,
				30DA4451189FC2B400B48FEC /* FirstViewController.m in Sources */,
				30DA4447189FC2B400B48FEC /* main.m in Sources */,
			);
			runOnlyForDeploymentPostprocessing = 0;
		};
		30DA4457189FC2B400B48FEC /* Sources */ = {
			isa = PBXSourcesBuildPhase;
			buildActionMask = 2147483647;
			files = (
				30DA4469189FC2B400B48FEC /* sweden_dashTests.m in Sources */,
			);
			runOnlyForDeploymentPostprocessing = 0;
		};
/* End PBXSourcesBuildPhase section */

/* Begin PBXTargetDependency section */
		30DA4461189FC2B400B48FEC /* PBXTargetDependency */ = {
			isa = PBXTargetDependency;
			target = 30DA4436189FC2B400B48FEC /* BG */;
			targetProxy = 30DA4460189FC2B400B48FEC /* PBXContainerItemProxy */;
		};
/* End PBXTargetDependency section */

/* Begin PBXVariantGroup section */
		30DA4443189FC2B400B48FEC /* InfoPlist.strings */ = {
			isa = PBXVariantGroup;
			children = (
				30DA4444189FC2B400B48FEC /* en */,
			);
			name = InfoPlist.strings;
			sourceTree = "<group>";
		};
		30DA444C189FC2B400B48FEC /* Main.storyboard */ = {
			isa = PBXVariantGroup;
			children = (
				30DA444D189FC2B400B48FEC /* Base */,
			);
			name = Main.storyboard;
			sourceTree = "<group>";
		};
		30DA4465189FC2B400B48FEC /* InfoPlist.strings */ = {
			isa = PBXVariantGroup;
			children = (
				30DA4466189FC2B400B48FEC /* en */,
			);
			name = InfoPlist.strings;
			sourceTree = "<group>";
		};
/* End PBXVariantGroup section */

/* Begin XCBuildConfiguration section */
		30DA446A189FC2B400B48FEC /* Debug */ = {
			isa = XCBuildConfiguration;
			buildSettings = {
				ALWAYS_SEARCH_USER_PATHS = NO;
				ARCHS = "$(ARCHS_STANDARD_INCLUDING_64_BIT)";
				CLANG_CXX_LANGUAGE_STANDARD = "gnu++0x";
				CLANG_CXX_LIBRARY = "libc++";
				CLANG_ENABLE_MODULES = YES;
				CLANG_ENABLE_OBJC_ARC = YES;
				CLANG_WARN_BOOL_CONVERSION = YES;
				CLANG_WARN_CONSTANT_CONVERSION = YES;
				CLANG_WARN_DIRECT_OBJC_ISA_USAGE = YES_ERROR;
				CLANG_WARN_EMPTY_BODY = YES;
				CLANG_WARN_ENUM_CONVERSION = YES;
				CLANG_WARN_INT_CONVERSION = YES;
				CLANG_WARN_OBJC_ROOT_CLASS = YES_ERROR;
				CLANG_WARN__DUPLICATE_METHOD_MATCH = YES;
				"CODE_SIGN_IDENTITY[sdk=iphoneos*]" = "iPhone Developer";
				COPY_PHASE_STRIP = NO;
				GCC_C_LANGUAGE_STANDARD = gnu99;
				GCC_DYNAMIC_NO_PIC = NO;
				GCC_OPTIMIZATION_LEVEL = 0;
				GCC_PREPROCESSOR_DEFINITIONS = (
					"DEBUG=1",
					"$(inherited)",
				);
				GCC_SYMBOLS_PRIVATE_EXTERN = NO;
				GCC_WARN_64_TO_32_BIT_CONVERSION = YES;
				GCC_WARN_ABOUT_RETURN_TYPE = YES_ERROR;
				GCC_WARN_UNDECLARED_SELECTOR = YES;
				GCC_WARN_UNINITIALIZED_AUTOS = YES;
				GCC_WARN_UNUSED_FUNCTION = YES;
				GCC_WARN_UNUSED_VARIABLE = YES;
				IPHONEOS_DEPLOYMENT_TARGET = 7.0;
				ONLY_ACTIVE_ARCH = YES;
				SDKROOT = iphoneos;
			};
			name = Debug;
		};
		30DA446B189FC2B400B48FEC /* Release */ = {
			isa = XCBuildConfiguration;
			buildSettings = {
				ALWAYS_SEARCH_USER_PATHS = NO;
				ARCHS = "$(ARCHS_STANDARD_INCLUDING_64_BIT)";
				CLANG_CXX_LANGUAGE_STANDARD = "gnu++0x";
				CLANG_CXX_LIBRARY = "libc++";
				CLANG_ENABLE_MODULES = YES;
				CLANG_ENABLE_OBJC_ARC = YES;
				CLANG_WARN_BOOL_CONVERSION = YES;
				CLANG_WARN_CONSTANT_CONVERSION = YES;
				CLANG_WARN_DIRECT_OBJC_ISA_USAGE = YES_ERROR;
				CLANG_WARN_EMPTY_BODY = YES;
				CLANG_WARN_ENUM_CONVERSION = YES;
				CLANG_WARN_INT_CONVERSION = YES;
				CLANG_WARN_OBJC_ROOT_CLASS = YES_ERROR;
				CLANG_WARN__DUPLICATE_METHOD_MATCH = YES;
				"CODE_SIGN_IDENTITY[sdk=iphoneos*]" = "iPhone Developer";
				COPY_PHASE_STRIP = YES;
				ENABLE_NS_ASSERTIONS = NO;
				GCC_C_LANGUAGE_STANDARD = gnu99;
				GCC_WARN_64_TO_32_BIT_CONVERSION = YES;
				GCC_WARN_ABOUT_RETURN_TYPE = YES_ERROR;
				GCC_WARN_UNDECLARED_SELECTOR = YES;
				GCC_WARN_UNINITIALIZED_AUTOS = YES;
				GCC_WARN_UNUSED_FUNCTION = YES;
				GCC_WARN_UNUSED_VARIABLE = YES;
				IPHONEOS_DEPLOYMENT_TARGET = 7.0;
				SDKROOT = iphoneos;
				VALIDATE_PRODUCT = YES;
			};
			name = Release;
		};
		30DA446D189FC2B400B48FEC /* Debug */ = {
			isa = XCBuildConfiguration;
			buildSettings = {
				ASSETCATALOG_COMPILER_APPICON_NAME = AppIcon;
				ASSETCATALOG_COMPILER_LAUNCHIMAGE_NAME = LaunchImage;
				GCC_PRECOMPILE_PREFIX_HEADER = YES;
				GCC_PREFIX_HEADER = "sweden_dash/BG-Prefix.pch";
				INFOPLIST_FILE = "sweden_dash/BG-Info.plist";
				PRODUCT_NAME = BG;
				WRAPPER_EXTENSION = app;
			};
			name = Debug;
		};
		30DA446E189FC2B400B48FEC /* Release */ = {
			isa = XCBuildConfiguration;
			buildSettings = {
				ASSETCATALOG_COMPILER_APPICON_NAME = AppIcon;
				ASSETCATALOG_COMPILER_LAUNCHIMAGE_NAME = LaunchImage;
				GCC_PRECOMPILE_PREFIX_HEADER = YES;
				GCC_PREFIX_HEADER = "sweden_dash/BG-Prefix.pch";
				INFOPLIST_FILE = "sweden_dash/BG-Info.plist";
				PRODUCT_NAME = BG;
				WRAPPER_EXTENSION = app;
			};
			name = Release;
		};
		30DA4470189FC2B400B48FEC /* Debug */ = {
			isa = XCBuildConfiguration;
			buildSettings = {
				ARCHS = "$(ARCHS_STANDARD_INCLUDING_64_BIT)";
				BUNDLE_LOADER = "$(BUILT_PRODUCTS_DIR)/sweden_dash.app/sweden_dash";
				FRAMEWORK_SEARCH_PATHS = (
					"$(SDKROOT)/Developer/Library/Frameworks",
					"$(inherited)",
					"$(DEVELOPER_FRAMEWORKS_DIR)",
				);
				GCC_PRECOMPILE_PREFIX_HEADER = YES;
				GCC_PREFIX_HEADER = "sweden_dash/sweden_dash-Prefix.pch";
				GCC_PREPROCESSOR_DEFINITIONS = (
					"DEBUG=1",
					"$(inherited)",
				);
				INFOPLIST_FILE = "sweden_dashTests/BGTests-Info.plist";
				PRODUCT_NAME = BGTests;
				TEST_HOST = "$(BUNDLE_LOADER)";
				WRAPPER_EXTENSION = xctest;
			};
			name = Debug;
		};
		30DA4471189FC2B400B48FEC /* Release */ = {
			isa = XCBuildConfiguration;
			buildSettings = {
				ARCHS = "$(ARCHS_STANDARD_INCLUDING_64_BIT)";
				BUNDLE_LOADER = "$(BUILT_PRODUCTS_DIR)/sweden_dash.app/sweden_dash";
				FRAMEWORK_SEARCH_PATHS = (
					"$(SDKROOT)/Developer/Library/Frameworks",
					"$(inherited)",
					"$(DEVELOPER_FRAMEWORKS_DIR)",
				);
				GCC_PRECOMPILE_PREFIX_HEADER = YES;
				GCC_PREFIX_HEADER = "sweden_dash/sweden_dash-Prefix.pch";
				INFOPLIST_FILE = "sweden_dashTests/BGTests-Info.plist";
				PRODUCT_NAME = BGTests;
				TEST_HOST = "$(BUNDLE_LOADER)";
				WRAPPER_EXTENSION = xctest;
			};
			name = Release;
		};
/* End XCBuildConfiguration section */

/* Begin XCConfigurationList section */
		30DA4432189FC2B400B48FEC /* Build configuration list for PBXProject "BG" */ = {
			isa = XCConfigurationList;
			buildConfigurations = (
				30DA446A189FC2B400B48FEC /* Debug */,
				30DA446B189FC2B400B48FEC /* Release */,
			);
			defaultConfigurationIsVisible = 0;
			defaultConfigurationName = Release;
		};
		30DA446C189FC2B400B48FEC /* Build configuration list for PBXNativeTarget "BG" */ = {
			isa = XCConfigurationList;
			buildConfigurations = (
				30DA446D189FC2B400B48FEC /* Debug */,
				30DA446E189FC2B400B48FEC /* Release */,
			);
			defaultConfigurationIsVisible = 0;
			defaultConfigurationName = Release;
		};
		30DA446F189FC2B400B48FEC /* Build configuration list for PBXNativeTarget "BGTests" */ = {
			isa = XCConfigurationList;
			buildConfigurations = (
				30DA4470189FC2B400B48FEC /* Debug */,
				30DA4471189FC2B400B48FEC /* Release */,
			);
			defaultConfigurationIsVisible = 0;
			defaultConfigurationName = Release;
		};
/* End XCConfigurationList section */
	};
	rootObject = 30DA442F189FC2B400B48FEC /* Project object */;
}
